version: 1
checksums:
  56f1d792e5cf2a49d9f48cfa2a009037:
    landing.header: d063c45ecd3e1550198942f591612c63
    landing.subheader: e5b63c9fb214dbdf4b311baa49be31b6
    landing.cta.getStarted: 70217f3c73ff414d22893a4f13be84d6
    landing.features.fast: 2090aa4171dc0b60735069f89b592883
    landing.features.accurate: ae51443d033cb7dea112f957d81c9156
    dashboard.title: bd3f5fa7c646f7f9cc8dd0025586371e
    dashboard.subtitle: 27c516f85cc267c7438809eb09e9ccd7
    auth.signUp: 0dd2ae69be4618c1f9e615774a4509ca
    auth.username: 2ee65bc2dd2f12cf2672f95b2a054bf8
    auth.enterUsername: ceca9941c44bf894fcef74b8c050d714
    auth.emailAddress: 0ee22bbbe989a0c61a18023407d12dc2
    auth.enterEmail: 9bc008365ebe3e404e241c8ca876f56e
    auth.password: 223a61cf906ab9c40d22612c588dff48
    auth.enterPassword: ea4fdd034522dead21bae0c0abb52eae
    auth.confirmPassword: 140bae95eb2040668118c6244c4a4825
    auth.confirmYourPassword: 224b4aa56991875af1df9d3b102de647
    auth.agreeTerms: 5c627028f90bc51dd906abcb567e0324
    auth.terms: 9ac262b2eda552beeecd904c0b9f8fa2
    auth.and: ce8b9bb44f031705708a70e068bb73c8
    auth.privacyPolicy: 7459744a63ef8af4e517a09024bd7c08
    auth.or: 0208d355f231c386b19390f0bea41b95
    auth.signUpWithGoogle: ae82b623c9c9f5a17b48bbbc87c8ecc2
    auth.signUpWithGithub: ae9c2f754697be2950b17d207c41358d
    auth.alreadyHaveAccount: 699043a787e26ec2ecad53f52df28d5b
    auth.logIn: cb8757c7450e17de1e226e82fb0fa4a2
    blog.title: 7feb9b36be2028520ffe37de06505148
    blog.subtitle: 0565b350c978509c28c11991ff3e5b24
    rootlayout.logo.alt: 47fa6b3978c1c06acc29b6cae393b0c9
    rootlayout.nav.home: 104a3db3b671c04e167eafbe21e57881
    rootlayout.nav.app: 77e32ac4e5a1e01bc9a6a15fdfef9bf8
    rootlayout.nav.auth: 424e3635a6e3d9574f023c10cd5e6f62
    rootlayout.nav.blog: 7feb9b36be2028520ffe37de06505148
    rootlayout.button.signin: ec7b8f314fe9bc6591006707484ede61
    rootlayout.button.signup: 0dd2ae69be4618c1f9e615774a4509ca
    rootlayout.footer.copyright: 1848bf895ff8e58bb326629983aed9e7
  edadd08db5ea4755a3baba4cc34e572e:
    md-section-0: 41df1ef76b49a4a5b845503fb3b13680
    md-section-1: 733ea083d737659851c6e4f9d7a1a98f
    md-section-2: a63604d5bf3d5f2ce0ed0500ec639405
    md-section-3: 62ce18446234b09be67f50486f3df768
    md-section-4: cc36a6c6e74708ec488880e3009fa141
    md-section-5: 076d48d1112f6c0a8ead08874e8e8587
    md-section-6: 68c1881ce1b2721691c95347065e1997
    md-section-7: 421df56fcf2dff5e5d3fd3e57c9c012e
    md-section-8: aaf11a1ad2770980d1df8331c8b35e5b
    md-section-9: 0085f7a63e949856282ec40e3851a390
    md-section-10: 51adf33450cab2ef392e93147386647c
    md-section-11: 7920d01e704f7a80fd1a9a9ba8375bc0
    fm-attr-title: d9cc5a85185fc28f985b6a4d29d004cc
    fm-attr-subtitle: fcc45a782253b55cccbf6955bea0b326
  b7a2d639bee077992c546242ea32449c:
    md-section-0: 1bdbff5d75b65eba372581df56c9a988
    md-section-1: 86825860ac67a7cd7ef6ffbeedd2b955
    md-section-2: 5262bba01b53ea1bac7250e3732219a9
    md-section-3: e7c28cfb18e4c7c6e16bd75eebafbca2
    md-section-4: 14c07462bbaa0f1c4c005cdf2e09821e
    md-section-5: 097c9192bc0905d006f44d3a2a7320b2
    md-section-6: 4489e1605a59276a045e751c14b71c2d
    md-section-7: 745b4f47c06f44ceed5e1ec3050bdd6c
    md-section-8: c92bbe2aeec8a47175b2efd622585353
    md-section-9: 3138327f564c55fc566cf858893b62d2
    md-section-10: 51adf33450cab2ef392e93147386647c
    md-section-11: 3f91851767dc779808acdb006213a187
    fm-attr-title: b120e5225c1460a0d7ae7382e954545e
    fm-attr-subtitle: 8965e06397eed2d912281837764daf55
  02f939c432024c0876f1ad5bdcb74484:
    md-section-0: 658e45e01f3099eff0459ee8ddf34f0e
    md-section-1: a8cd9aa66186c46fa4decda6da451026
    md-section-2: 7dce67ba21035da19a96380535ad1ab2
    md-section-3: a2e7311ff1621927f28fcdf6b9ee1856
    md-section-4: 067810725d6c93b2312738021754085b
    md-section-5: 0c7e2999306a9b9c367adec2b9c2dd2a
    md-section-6: cce9d0a9b4428f30858288ca4db87157
    md-section-7: 8205bbb59aa33b086a9efd67d5d64127
    md-section-8: ae961d03465a3bab410e6eb3ba1a0d84
    md-section-9: 8e8f9d02882bf78057c77436f293b3c1
    md-section-10: 51adf33450cab2ef392e93147386647c
    md-section-11: 0563614575f72835ffbcfa85986837d9
    fm-attr-title: e1627fd610fbad411927c63f5d1611e6
    fm-attr-subtitle: b7515a682ff981437e4db4fac9344d6d
  0193010959a1ad3bfdcba2cd8debe3d9:
    app_name: c215a8d46c95f00089c5ea0d17eef742
    don_t_forget: d8fccac92bf4abc0ed2986294de23f83
    can_t_won_t_shouldn_t: 32a724977b1df3f505f4048be7f13358
    quote: c03cdd6e533842fc8d567fe86e9423b3
    mixed_quotes: 792986981ea317fb460b4c6067e7d4de
    special_chars: b790f7f172596aa36012890bd7086b22
    html_text: 2e47895b6c240483675fb3f3d2efcff8
    multiline: af742e306fb0c689582cae5fea3e72a3
    cdata_text: 2b801f941cf161367d0de14699aed32f
    welcome_messages: 3de663b9b1da14950e0dc9458288a103
    unicode_string: a92b4ad5d62c70b0e60fb246114d976b
    escaped_string: 86c751fa88be9fc0fc466c5117e53872
    app_description: 6d8ca3bdd574b2d0c42c0b85785e5c73
    complex_format: 6d53bb54c300cc22849404edf22798d8
    formatted_text: 2542708c0f2a1a1fc2622f036ee5e8e3
    planets_array/0: 32b9529177f7ebae9142a2873fdc5725
    planets_array/1: 8f344969ac006decef583f02ec48e2cb
    planets_array/2: bd04302423f3e10e0b3cec57513fbe3f
    planets_array/3: a2e163ad865587d0f0576ff2900752cc
    numberOfSongsAvailable/zero: 31ec89ed9b5ae26480684390a61be633
    numberOfSongsAvailable/one: f8be3b2314ed17611826ed95c1029195
    numberOfSongsAvailable/two: 2c9289cadaf3013950c9001ddd0b3e49
    numberOfSongsAvailable/few: ed1879c58d83f67060915c0821b7e019
    numberOfSongsAvailable/many: ed1879c58d83f67060915c0821b7e019
    numberOfSongsAvailable/other: ed1879c58d83f67060915c0821b7e019
  5eb04c1d4fa2421c9ebd08ee5b504927:
    greeting: fcfe23a1d5ab68ef07057a39827cbda2
    welcome_user: 378fc81f59f0d54c13bbab7f2de74e18
    items_count/zero: 955c31a42e9ff663a49e69e944c8c537
    items_count/one: 154c8eed472b867c8d5af66d162abd2c
    items_count/two: 8d5f050e1b4c80b1cb2dfd5960330dd6
    items_count/few: ecb3f18dc6a5e7b3e1d9afe7ef62cf07
    items_count/many: ecb3f18dc6a5e7b3e1d9afe7ef62cf07
    items_count/other: ecb3f18dc6a5e7b3e1d9afe7ef62cf07
    days_until_event/zero: c36f40b15661634b9d11a6704489bb2c
    days_until_event/one: b42325bee976924c2ec6a2e318b1edfd
    days_until_event/two: 7f8cb60480d1a0e81b8e0ae0a1d93616
    days_until_event/few: 5e8c2211cf1d25689a2dafca7727ef5c
    days_until_event/many: 5e8c2211cf1d25689a2dafca7727ef5c
    days_until_event/other: 5e8c2211cf1d25689a2dafca7727ef5c
    complex_format: 3dd10711bade5a656b9b47586ab27b9b
    date_format: 8942506eb273da4d6adc222474d79016
    multiline_html: a2f5d47387c8011c0dccc58ceaa1cb8c
